
Microsoft Visual Studio Solution File, Format Version 12.00
# Visual Studio 15
VisualStudioVersion = 15.0.27130.2027
MinimumVisualStudioVersion = 10.0.40219.1
Project("{FAE04EC0-301F-11D3-BF4B-00C04F79EFBC}") = "SntsepomexContributionLoader", "SntsepomexContributionLoader\SntsepomexContributionLoader.csproj", "{C029F82E-00EF-4FA6-BD12-B794D6A2D188}"
EndProject
Project("{54435603-DBB4-11D2-8724-00A0C9A8B90C}") = "Sistema de aportaciones installer", "Sistema de aportaciones installer\Sistema de aportaciones installer.vdproj", "{F3F6C363-8495-4300-BFC0-471492AA3437}"
EndProject
Global
	GlobalSection(SolutionConfigurationPlatforms) = preSolution
		Debug|Any CPU = Debug|Any CPU
		Release|Any CPU = Release|Any CPU
	EndGlobalSection
	GlobalSection(ProjectConfigurationPlatforms) = postSolution
		{C029F82E-00EF-4FA6-BD12-B794D6A2D188}.Debug|Any CPU.ActiveCfg = Debug|Any CPU
		{C029F82E-00EF-4FA6-BD12-B794D6A2D188}.Debug|Any CPU.Build.0 = Debug|Any CPU
		{C029F82E-00EF-4FA6-BD12-B794D6A2D188}.Release|Any CPU.ActiveCfg = Release|Any CPU
		{C029F82E-00EF-4FA6-BD12-B794D6A2D188}.Release|Any CPU.Build.0 = Release|Any CPU
		{F3F6C363-8495-4300-BFC0-471492AA3437}.Debug|Any CPU.ActiveCfg = Debug
		{F3F6C363-8495-4300-BFC0-471492AA3437}.Release|Any CPU.ActiveCfg = Release
	EndGlobalSection
	GlobalSection(SolutionProperties) = preSolution
		HideSolutionNode = FALSE
	EndGlobalSection
	GlobalSection(ExtensibilityGlobals) = postSolution
		SolutionGuid = {E830DCEC-3166-4759-B000-DE4D9BA03AD1}
	EndGlobalSection
	GlobalSection(TeamFoundationVersionControl) = preSolution
		SccNumberOfProjects = 3
		SccEnterpriseProvider = {4CA58AB2-18FA-4F8D-95D4-32DDF27D184C}
		SccTeamFoundationServer = https://alexo2k.visualstudio.com/
		SccLocalPath0 = .
		SccProjectUniqueName1 = SntsepomexContributionLoader\\SntsepomexContributionLoader.csproj
		SccProjectName1 = SntsepomexContributionLoader
		SccLocalPath1 = SntsepomexContributionLoader
		SccProjectUniqueName2 = Sistema\u0020de\u0020aportaciones\u0020installer\\Sistema\u0020de\u0020aportaciones\u0020installer.vdproj
		SccProjectName2 = Sistema\u0020de\u0020aportaciones\u0020installer
		SccLocalPath2 = Sistema\u0020de\u0020aportaciones\u0020installer
	EndGlobalSection
EndGlobal
